# THIS IS AN AUTOGENERATED FILE. DO NOT EDIT THIS FILE DIRECTLY.
# yarn lockfile v1


"@types/graphql@^0.9.0":
  version "0.9.4"
  resolved "https://registry.yarnpkg.com/@types/graphql/-/graphql-0.9.4.tgz#cdeb6bcbef9b6c584374b81aa7f48ecf3da404fa"

deprecated-decorator@^0.1.6:
  version "0.1.6"
  resolved "https://registry.yarnpkg.com/deprecated-decorator/-/deprecated-decorator-0.1.6.tgz#00966317b7a12fe92f3cc831f7583af329b86c37"

graphql-tools@^1.2.1:
  version "1.2.1"
  resolved "https://registry.yarnpkg.com/graphql-tools/-/graphql-tools-1.2.1.tgz#8d462abaa7b0f3bb2aa633df1e7a848720197671"
  dependencies:
    deprecated-decorator "^0.1.6"
    uuid "^3.0.1"
  optionalDependencies:
    "@types/graphql" "^0.9.0"

uuid@^3.0.1:
  version "3.1.0"
  resolved "https://registry.yarnpkg.com/uuid/-/uuid-3.1.0.tgz#3dd3d3e790abc24d7b0d3a034ffababe28ebbc04"
