# THIS IS AN AUTOGENERATED FILE. DO NOT EDIT THIS FILE DIRECTLY.
# yarn lockfile v1


graphql@^0.10.5:
  version "0.10.5"
  resolved "https://registry.yarnpkg.com/graphql/-/graphql-0.10.5.tgz#c9be17ca2bdfdbd134077ffd9bbaa48b8becd298"
  dependencies:
    iterall "^1.1.0"

iterall@^1.1.0:
  version "1.1.1"
  resolved "https://registry.yarnpkg.com/iterall/-/iterall-1.1.1.tgz#f7f0af11e9a04ec6426260f5019d9fcca4d50214"
